<Solution>
  <Folder Name="/Elementos de la solución/">
    <File Path="docs/decoding_basics.md" />
    <File Path="docs/overview.md" />
    <File Path="docs/working_with_objects.md" />
    <File Path="LICENSE" />
    <File Path="README.md" />
  </Folder>
  <Project Path="BencodeDotNet.Tests/BencodeDotNet.Tests.csproj" Id="e9ccd9a9-3592-40c6-a056-15b44a39530a" />
  <Project Path="BencodeDotNet/BencodeDotNet.csproj" />
</Solution>
